{
  "requires": true,
  "lockfileVersion": 1,
  "dependencies": {
    "trix": {
      "version": "1.1.1",
      "resolved": "https://registry.npmjs.org/trix/-/trix-1.1.1.tgz",
      "integrity": "sha512-dNHTcryRK0EmwCyJDOBrG6OznL8HNEVVlecq/xzxLj3M9Eht5DV4yl+eCYX8RKyfrtBcNki+mpKIxESgXaGGZA=="
    },
    "vue-trix": {
      "version": "0.8.4",
      "resolved": "https://registry.npmjs.org/vue-trix/-/vue-trix-0.8.4.tgz",
      "integrity": "sha512-2WwDHuBzwt2Z2AbBSlmheaWCIEG69MmOWq44w7JXfx/dR029P5lYD9CWejm+mURSjHFaUYVd6jPyGCcozKRrIw==",
      "requires": {
        "trix": "^1.1.1"
      }
    }
  }
}
